
Microsoft Visual Studio Solution File, Format Version 12.00
# Visual Studio Version 17
VisualStudioVersion = 17.8.34316.72
MinimumVisualStudioVersion = 10.0.40219.1
Project("{FAE04EC0-301F-11D3-BF4B-00C04F79EFBC}") = "demoGrid", "demoGrid.csproj", "{BBE27AE9-98EE-45E4-A5D1-A74D73F0EAA8}"
EndProject
Global
	GlobalSection(SolutionConfigurationPlatforms) = preSolution
		Debug|Any CPU = Debug|Any CPU
		Release|Any CPU = Release|Any CPU
	EndGlobalSection
	GlobalSection(ProjectConfigurationPlatforms) = postSolution
		{BBE27AE9-98EE-45E4-A5D1-A74D73F0EAA8}.Debug|Any CPU.ActiveCfg = Debug|Any CPU
		{BBE27AE9-98EE-45E4-A5D1-A74D73F0EAA8}.Debug|Any CPU.Build.0 = Debug|Any CPU
		{BBE27AE9-98EE-45E4-A5D1-A74D73F0EAA8}.Release|Any CPU.ActiveCfg = Release|Any CPU
		{BBE27AE9-98EE-45E4-A5D1-A74D73F0EAA8}.Release|Any CPU.Build.0 = Release|Any CPU
	EndGlobalSection
	GlobalSection(SolutionProperties) = preSolution
		HideSolutionNode = FALSE
	EndGlobalSection
	GlobalSection(ExtensibilityGlobals) = postSolution
		SolutionGuid = {2F6D587D-33D9-414B-BF14-2A5CC43DC444}
	EndGlobalSection
EndGlobal
